
Microsoft Visual Studio Solution File, Format Version 12.00
# Visual Studio 2012
Project("{FAE04EC0-301F-11D3-BF4B-00C04F79EFBC}") = "Integration.Tests", "Integration.Tests\Integration.Tests.csproj", "{127D005F-32AF-4C65-8A3F-07DB8456CDCA}"
EndProject
Project("{FAE04EC0-301F-11D3-BF4B-00C04F79EFBC}") = "OHHelper", "OHHelper\OHHelper.csproj", "{C3381800-77A8-4E7B-BEFA-C0A7CD1C6F0E}"
EndProject
Global
	GlobalSection(SolutionConfigurationPlatforms) = preSolution
		Debug|Any CPU = Debug|Any CPU
		Release|Any CPU = Release|Any CPU
	EndGlobalSection
	GlobalSection(ProjectConfigurationPlatforms) = postSolution
		{127D005F-32AF-4C65-8A3F-07DB8456CDCA}.Debug|Any CPU.ActiveCfg = Debug|Any CPU
		{127D005F-32AF-4C65-8A3F-07DB8456CDCA}.Debug|Any CPU.Build.0 = Debug|Any CPU
		{127D005F-32AF-4C65-8A3F-07DB8456CDCA}.Release|Any CPU.ActiveCfg = Release|Any CPU
		{127D005F-32AF-4C65-8A3F-07DB8456CDCA}.Release|Any CPU.Build.0 = Release|Any CPU
		{C3381800-77A8-4E7B-BEFA-C0A7CD1C6F0E}.Debug|Any CPU.ActiveCfg = Debug|Any CPU
		{C3381800-77A8-4E7B-BEFA-C0A7CD1C6F0E}.Debug|Any CPU.Build.0 = Debug|Any CPU
		{C3381800-77A8-4E7B-BEFA-C0A7CD1C6F0E}.Release|Any CPU.ActiveCfg = Release|Any CPU
		{C3381800-77A8-4E7B-BEFA-C0A7CD1C6F0E}.Release|Any CPU.Build.0 = Release|Any CPU
	EndGlobalSection
	GlobalSection(SolutionProperties) = preSolution
		HideSolutionNode = FALSE
	EndGlobalSection
EndGlobal
